// !$*UTF8*$!
{
	archiveVersion = 1;
	classes = {
	};
	objectVersion = 46;
	objects = {

/* Begin PBXBuildFile section */
		3DA9ECFB1DF088130013DEFC /* AppDelegate.swift in Sources */ = {isa = PBXBuildFile; fileRef = 3DA9ECFA1DF088130013DEFC /* AppDelegate.swift */; };
		3DA9ECFD1DF088130013DEFC /* ViewController.swift in Sources */ = {isa = PBXBuildFile; fileRef = 3DA9ECFC1DF088130013DEFC /* ViewController.swift */; };
		3DA9ED001DF088130013DEFC /* Main.storyboard in Resources */ = {isa = PBXBuildFile; fileRef = 3DA9ECFE1DF088130013DEFC /* Main.storyboard */; };
		3DA9ED021DF088130013DEFC /* Assets.xcassets in Resources */ = {isa = PBXBuildFile; fileRef = 3DA9ED011DF088130013DEFC /* Assets.xcassets */; };
		3DA9ED051DF088130013DEFC /* LaunchScreen.storyboard in Resources */ = {isa = PBXBuildFile; fileRef = 3DA9ED031DF088130013DEFC /* LaunchScreen.storyboard */; };
		3DA9ED111DF093FD0013DEFC /* cat.JPG in Resources */ = {isa = PBXBuildFile; fileRef = 3DA9ED101DF093FD0013DEFC /* cat.JPG */; };
/* End PBXBuildFile section */

/* Begin PBXFileReference section */
		3DA9ECF71DF088130013DEFC /* catYears.app */ = {isa = PBXFileReference; explicitFileType = wrapper.application; includeInIndex = 0; path = catYears.app; sourceTree = BUILT_PRODUCTS_DIR; };
		3DA9ECFA1DF088130013DEFC /* AppDelegate.swift */ = {isa = PBXFileReference; lastKnownFileType = sourcecode.swift; path = AppDelegate.swift; sourceTree = "<group>"; };
		3DA9ECFC1DF088130013DEFC /* ViewController.swift */ = {isa = PBXFileReference; lastKnownFileType = sourcecode.swift; path = ViewController.swift; sourceTree = "<group>"; };
		3DA9ECFF1DF088130013DEFC /* Base */ = {isa = PBXFileReference; lastKnownFileType = file.storyboard; name = Base; path = Base.lproj/Main.storyboard; sourceTree = "<group>"; };
		3DA9ED011DF088130013DEFC /* Assets.xcassets */ = {isa = PBXFileReference; lastKnownFileType = folder.assetcatalog; path = Assets.xcassets; sourceTree = "<group>"; };
		3DA9ED041DF088130013DEFC /* Base */ = {isa = PBXFileReference; lastKnownFileType = file.storyboard; name = Base; path = Base.lproj/LaunchScreen.storyboard; sourceTree = "<group>"; };
		3DA9ED061DF088130013DEFC /* Info.plist */ = {isa = PBXFileReference; lastKnownFileType = text.plist.xml; path = Info.plist; sourceTree = "<group>"; };
		3DA9ED101DF093FD0013DEFC /* cat.JPG */ = {isa = PBXFileReference; lastKnownFileType = image.jpeg; path = cat.JPG; sourceTree = "<group>"; };
/* End PBXFileReference section */

/* Begin PBXFrameworksBuildPhase section */
		3DA9ECF41DF088130013DEFC /* Frameworks */ = {
			isa = PBXFrameworksBuildPhase;
			buildActionMask = 2147483647;
			files = (
			);
			runOnlyForDeploymentPostprocessing = 0;
		};
/* End PBXFrameworksBuildPhase section */

/* Begin PBXGroup section */
		3DA9ECEE1DF088130013DEFC = {
			isa = PBXGroup;
			children = (
				3DA9ECF91DF088130013DEFC /* catYears */,
				3DA9ECF81DF088130013DEFC /* Products */,
			);
			sourceTree = "<group>";
		};
		3DA9ECF81DF088130013DEFC /* Products */ = {
			isa = PBXGroup;
			children = (
				3DA9ECF71DF088130013DEFC /* catYears.app */,
			);
			name = Products;
			sourceTree = "<group>";
		};
		3DA9ECF91DF088130013DEFC /* catYears */ = {
			isa = PBXGroup;
			children = (
				3DA9ECFA1DF088130013DEFC /* AppDelegate.swift */,
				3DA9ECFC1DF088130013DEFC /* ViewController.swift */,
				3DA9ECFE1DF088130013DEFC /* Main.storyboard */,
				3DA9ED011DF088130013DEFC /* Assets.xcassets */,
				3DA9ED101DF093FD0013DEFC /* cat.JPG */,
				3DA9ED031DF088130013DEFC /* LaunchScreen.storyboard */,
				3DA9ED061DF088130013DEFC /* Info.plist */,
			);
			path = catYears;
			sourceTree = "<group>";
		};
/* End PBXGroup section */

/* Begin PBXNativeTarget section */
		3DA9ECF61DF088130013DEFC /* catYears */ = {
			isa = PBXNativeTarget;
			buildConfigurationList = 3DA9ED091DF088130013DEFC /* Build configuration list for PBXNativeTarget "catYears" */;
			buildPhases = (
				3DA9ECF31DF088130013DEFC /* Sources */,
				3DA9ECF41DF088130013DEFC /* Frameworks */,
				3DA9ECF51DF088130013DEFC /* Resources */,
			);
			buildRules = (
			);
			dependencies = (
			);
			name = catYears;
			productName = catYears;
			productReference = 3DA9ECF71DF088130013DEFC /* catYears.app */;
			productType = "com.apple.product-type.application";
		};
/* End PBXNativeTarget section */

/* Begin PBXProject section */
		3DA9ECEF1DF088130013DEFC /* Project object */ = {
			isa = PBXProject;
			attributes = {
				LastSwiftUpdateCheck = 0810;
				LastUpgradeCheck = 0810;
				ORGANIZATIONNAME = "West Kraemer";
				TargetAttributes = {
					3DA9ECF61DF088130013DEFC = {
						CreatedOnToolsVersion = 8.1;
						ProvisioningStyle = Automatic;
					};
				};
			};
			buildConfigurationList = 3DA9ECF21DF088130013DEFC /* Build configuration list for PBXProject "catYears" */;
			compatibilityVersion = "Xcode 3.2";
			developmentRegion = English;
			hasScannedForEncodings = 0;
			knownRegions = (
				en,
				Base,
			);
			mainGroup = 3DA9ECEE1DF088130013DEFC;
			productRefGroup = 3DA9ECF81DF088130013DEFC /* Products */;
			projectDirPath = "";
			projectRoot = "";
			targets = (
				3DA9ECF61DF088130013DEFC /* catYears */,
			);
		};
/* End PBXProject section */

/* Begin PBXResourcesBuildPhase section */
		3DA9ECF51DF088130013DEFC /* Resources */ = {
			isa = PBXResourcesBuildPhase;
			buildActionMask = 2147483647;
			files = (
				3DA9ED051DF088130013DEFC /* LaunchScreen.storyboard in Resources */,
				3DA9ED021DF088130013DEFC /* Assets.xcassets in Resources */,
				3DA9ED111DF093FD0013DEFC /* cat.JPG in Resources */,
				3DA9ED001DF088130013DEFC /* Main.storyboard in Resources */,
			);
			runOnlyForDeploymentPostprocessing = 0;
		};
/* End PBXResourcesBuildPhase section */

/* Begin PBXSourcesBuildPhase section */
		3DA9ECF31DF088130013DEFC /* Sources */ = {
			isa = PBXSourcesBuildPhase;
			buildActionMask = 2147483647;
			files = (
				3DA9ECFD1DF088130013DEFC /* ViewController.swift in Sources */,
				3DA9ECFB1DF088130013DEFC /* AppDelegate.swift in Sources */,
			);
			runOnlyForDeploymentPostprocessing = 0;
		};
/* End PBXSourcesBuildPhase section */

/* Begin PBXVariantGroup section */
		3DA9ECFE1DF088130013DEFC /* Main.storyboard */ = {
			isa = PBXVariantGroup;
			children = (
				3DA9ECFF1DF088130013DEFC /* Base */,
			);
			name = Main.storyboard;
			sourceTree = "<group>";
		};
		3DA9ED031DF088130013DEFC /* LaunchScreen.storyboard */ = {
			isa = PBXVariantGroup;
			children = (
				3DA9ED041DF088130013DEFC /* Base */,
			);
			name = LaunchScreen.storyboard;
			sourceTree = "<group>";
		};
/* End PBXVariantGroup section */

/* Begin XCBuildConfiguration section */
		3DA9ED071DF088130013DEFC /* Debug */ = {
			isa = XCBuildConfiguration;
			buildSettings = {
				ALWAYS_SEARCH_USER_PATHS = NO;
				CLANG_ANALYZER_NONNULL = YES;
				CLANG_CXX_LANGUAGE_STANDARD = "gnu++0x";
				CLANG_CXX_LIBRARY = "libc++";
				CLANG_ENABLE_MODULES = YES;
				CLANG_ENABLE_OBJC_ARC = YES;
				CLANG_WARN_BOOL_CONVERSION = YES;
				CLANG_WARN_CONSTANT_CONVERSION = YES;
				CLANG_WARN_DIRECT_OBJC_ISA_USAGE = YES_ERROR;
				CLANG_WARN_DOCUMENTATION_COMMENTS = YES;
				CLANG_WARN_EMPTY_BODY = YES;
				CLANG_WARN_ENUM_CONVERSION = YES;
				CLANG_WARN_INFINITE_RECURSION = YES;
				CLANG_WARN_INT_CONVERSION = YES;
				CLANG_WARN_OBJC_ROOT_CLASS = YES_ERROR;
				CLANG_WARN_SUSPICIOUS_MOVES = YES;
				CLANG_WARN_UNREACHABLE_CODE = YES;
				CLANG_WARN__DUPLICATE_METHOD_MATCH = YES;
				"CODE_SIGN_IDENTITY[sdk=iphoneos*]" = "iPhone Developer";
				COPY_PHASE_STRIP = NO;
				DEBUG_INFORMATION_FORMAT = dwarf;
				ENABLE_STRICT_OBJC_MSGSEND = YES;
				ENABLE_TESTABILITY = YES;
				GCC_C_LANGUAGE_STANDARD = gnu99;
				GCC_DYNAMIC_NO_PIC = NO;
				GCC_NO_COMMON_BLOCKS = YES;
				GCC_OPTIMIZATION_LEVEL = 0;
				GCC_PREPROCESSOR_DEFINITIONS = (
					"DEBUG=1",
					"$(inherited)",
				);
				GCC_WARN_64_TO_32_BIT_CONVERSION = YES;
				GCC_WARN_ABOUT_RETURN_TYPE = YES_ERROR;
				GCC_WARN_UNDECLARED_SELECTOR = YES;
				GCC_WARN_UNINITIALIZED_AUTOS = YES_AGGRESSIVE;
				GCC_WARN_UNUSED_FUNCTION = YES;
				GCC_WARN_UNUSED_VARIABLE = YES;
				IPHONEOS_DEPLOYMENT_TARGET = 10.1;
				MTL_ENABLE_DEBUG_INFO = YES;
				ONLY_ACTIVE_ARCH = YES;
				SDKROOT = iphoneos;
				SWIFT_ACTIVE_COMPILATION_CONDITIONS = DEBUG;
				SWIFT_OPTIMIZATION_LEVEL = "-Onone";
			};
			name = Debug;
		};
		3DA9ED081DF088130013DEFC /* Release */ = {
			isa = XCBuildConfiguration;
			buildSettings = {
				ALWAYS_SEARCH_USER_PATHS = NO;
				CLANG_ANALYZER_NONNULL = YES;
				CLANG_CXX_LANGUAGE_STANDARD = "gnu++0x";
				CLANG_CXX_LIBRARY = "libc++";
				CLANG_ENABLE_MODULES = YES;
				CLANG_ENABLE_OBJC_ARC = YES;
				CLANG_WARN_BOOL_CONVERSION = YES;
				CLANG_WARN_CONSTANT_CONVERSION = YES;
				CLANG_WARN_DIRECT_OBJC_ISA_USAGE = YES_ERROR;
				CLANG_WARN_DOCUMENTATION_COMMENTS = YES;
				CLANG_WARN_EMPTY_BODY = YES;
				CLANG_WARN_ENUM_CONVERSION = YES;
				CLANG_WARN_INFINITE_RECURSION = YES;
				CLANG_WARN_INT_CONVERSION = YES;
				CLANG_WARN_OBJC_ROOT_CLASS = YES_ERROR;
				CLANG_WARN_SUSPICIOUS_MOVES = YES;
				CLANG_WARN_UNREACHABLE_CODE = YES;
				CLANG_WARN__DUPLICATE_METHOD_MATCH = YES;
				"CODE_SIGN_IDENTITY[sdk=iphoneos*]" = "iPhone Developer";
				COPY_PHASE_STRIP = NO;
				DEBUG_INFORMATION_FORMAT = "dwarf-with-dsym";
				ENABLE_NS_ASSERTIONS = NO;
				ENABLE_STRICT_OBJC_MSGSEND = YES;
				GCC_C_LANGUAGE_STANDARD = gnu99;
				GCC_NO_COMMON_BLOCKS = YES;
				GCC_WARN_64_TO_32_BIT_CONVERSION = YES;
				GCC_WARN_ABOUT_RETURN_TYPE = YES_ERROR;
				GCC_WARN_UNDECLARED_SELECTOR = YES;
				GCC_WARN_UNINITIALIZED_AUTOS = YES_AGGRESSIVE;
				GCC_WARN_UNUSED_FUNCTION = YES;
				GCC_WARN_UNUSED_VARIABLE = YES;
				IPHONEOS_DEPLOYMENT_TARGET = 10.1;
				MTL_ENABLE_DEBUG_INFO = NO;
				SDKROOT = iphoneos;
				SWIFT_OPTIMIZATION_LEVEL = "-Owholemodule";
				VALIDATE_PRODUCT = YES;
			};
			name = Release;
		};
		3DA9ED0A1DF088130013DEFC /* Debug */ = {
			isa = XCBuildConfiguration;
			buildSettings = {
				ASSETCATALOG_COMPILER_APPICON_NAME = AppIcon;
				INFOPLIST_FILE = catYears/Info.plist;
				LD_RUNPATH_SEARCH_PATHS = "$(inherited) @executable_path/Frameworks";
				PRODUCT_BUNDLE_IDENTIFIER = com.example.catYears;
				PRODUCT_NAME = "$(TARGET_NAME)";
				SWIFT_VERSION = 3.0;
			};
			name = Debug;
		};
		3DA9ED0B1DF088130013DEFC /* Release */ = {
			isa = XCBuildConfiguration;
			buildSettings = {
				ASSETCATALOG_COMPILER_APPICON_NAME = AppIcon;
				INFOPLIST_FILE = catYears/Info.plist;
				LD_RUNPATH_SEARCH_PATHS = "$(inherited) @executable_path/Frameworks";
				PRODUCT_BUNDLE_IDENTIFIER = com.example.catYears;
				PRODUCT_NAME = "$(TARGET_NAME)";
				SWIFT_VERSION = 3.0;
			};
			name = Release;
		};
/* End XCBuildConfiguration section */

/* Begin XCConfigurationList section */
		3DA9ECF21DF088130013DEFC /* Build configuration list for PBXProject "catYears" */ = {
			isa = XCConfigurationList;
			buildConfigurations = (
				3DA9ED071DF088130013DEFC /* Debug */,
				3DA9ED081DF088130013DEFC /* Release */,
			);
			defaultConfigurationIsVisible = 0;
			defaultConfigurationName = Release;
		};
		3DA9ED091DF088130013DEFC /* Build configuration list for PBXNativeTarget "catYears" */ = {
			isa = XCConfigurationList;
			buildConfigurations = (
				3DA9ED0A1DF088130013DEFC /* Debug */,
				3DA9ED0B1DF088130013DEFC /* Release */,
			);
			defaultConfigurationIsVisible = 0;
		};
/* End XCConfigurationList section */
	};
	rootObject = 3DA9ECEF1DF088130013DEFC /* Project object */;
}
